
Microsoft Visual Studio Solution File, Format Version 12.00
# Visual Studio 2013
VisualStudioVersion = 12.0.21005.1
MinimumVisualStudioVersion = 10.0.40219.1
Project("{FAE04EC0-301F-11D3-BF4B-00C04F79EFBC}") = "CalculatorUI", "CalculatorUI\CalculatorUI.csproj", "{CA5E5B96-9087-4141-8AC7-0BAD763CB996}"
EndProject
Project("{FAE04EC0-301F-11D3-BF4B-00C04F79EFBC}") = "CalculatorLibrary", "CalculatorLibrary\CalculatorLibrary.csproj", "{66E0E1F2-795C-4E69-B7C4-DADF33653214}"
EndProject
Project("{FAE04EC0-301F-11D3-BF4B-00C04F79EFBC}") = "CalculatorUnitTests", "CalculatorUnitTests\CalculatorUnitTests.csproj", "{D356CEC2-A500-497D-811E-DA2E1EE36083}"
EndProject
Global
	GlobalSection(SolutionConfigurationPlatforms) = preSolution
		Debug|Any CPU = Debug|Any CPU
		Release|Any CPU = Release|Any CPU
	EndGlobalSection
	GlobalSection(ProjectConfigurationPlatforms) = postSolution
		{CA5E5B96-9087-4141-8AC7-0BAD763CB996}.Debug|Any CPU.ActiveCfg = Debug|Any CPU
		{CA5E5B96-9087-4141-8AC7-0BAD763CB996}.Debug|Any CPU.Build.0 = Debug|Any CPU
		{CA5E5B96-9087-4141-8AC7-0BAD763CB996}.Release|Any CPU.ActiveCfg = Release|Any CPU
		{CA5E5B96-9087-4141-8AC7-0BAD763CB996}.Release|Any CPU.Build.0 = Release|Any CPU
		{66E0E1F2-795C-4E69-B7C4-DADF33653214}.Debug|Any CPU.ActiveCfg = Debug|Any CPU
		{66E0E1F2-795C-4E69-B7C4-DADF33653214}.Debug|Any CPU.Build.0 = Debug|Any CPU
		{66E0E1F2-795C-4E69-B7C4-DADF33653214}.Release|Any CPU.ActiveCfg = Release|Any CPU
		{66E0E1F2-795C-4E69-B7C4-DADF33653214}.Release|Any CPU.Build.0 = Release|Any CPU
		{D356CEC2-A500-497D-811E-DA2E1EE36083}.Debug|Any CPU.ActiveCfg = Debug|Any CPU
		{D356CEC2-A500-497D-811E-DA2E1EE36083}.Debug|Any CPU.Build.0 = Debug|Any CPU
		{D356CEC2-A500-497D-811E-DA2E1EE36083}.Release|Any CPU.ActiveCfg = Release|Any CPU
		{D356CEC2-A500-497D-811E-DA2E1EE36083}.Release|Any CPU.Build.0 = Release|Any CPU
	EndGlobalSection
	GlobalSection(SolutionProperties) = preSolution
		HideSolutionNode = FALSE
	EndGlobalSection
EndGlobal
